
Microsoft Visual Studio Solution File, Format Version 12.00
# Visual Studio 14
VisualStudioVersion = 14.0.24720.0
MinimumVisualStudioVersion = 10.0.40219.1
Project("{FAE04EC0-301F-11D3-BF4B-00C04F79EFBC}") = "Whenables", "Whenables\Whenables.csproj", "{4A04E527-CB86-4E3F-8CD1-5B14F07982A7}"
EndProject
Project("{FAE04EC0-301F-11D3-BF4B-00C04F79EFBC}") = "WhenablesTests", "WhenablesTests\WhenablesTests.csproj", "{84C80115-5D07-4195-BF60-29593DD18BF2}"
EndProject
Global
	GlobalSection(SolutionConfigurationPlatforms) = preSolution
		Debug|Any CPU = Debug|Any CPU
		Release|Any CPU = Release|Any CPU
	EndGlobalSection
	GlobalSection(ProjectConfigurationPlatforms) = postSolution
		{4A04E527-CB86-4E3F-8CD1-5B14F07982A7}.Debug|Any CPU.ActiveCfg = Debug|Any CPU
		{4A04E527-CB86-4E3F-8CD1-5B14F07982A7}.Debug|Any CPU.Build.0 = Debug|Any CPU
		{4A04E527-CB86-4E3F-8CD1-5B14F07982A7}.Release|Any CPU.ActiveCfg = Release|Any CPU
		{4A04E527-CB86-4E3F-8CD1-5B14F07982A7}.Release|Any CPU.Build.0 = Release|Any CPU
		{84C80115-5D07-4195-BF60-29593DD18BF2}.Debug|Any CPU.ActiveCfg = Debug|Any CPU
		{84C80115-5D07-4195-BF60-29593DD18BF2}.Debug|Any CPU.Build.0 = Debug|Any CPU
		{84C80115-5D07-4195-BF60-29593DD18BF2}.Release|Any CPU.ActiveCfg = Release|Any CPU
		{84C80115-5D07-4195-BF60-29593DD18BF2}.Release|Any CPU.Build.0 = Release|Any CPU
	EndGlobalSection
	GlobalSection(SolutionProperties) = preSolution
		HideSolutionNode = FALSE
	EndGlobalSection
EndGlobal
